{
  "originHash" : "df652525303a1fcd0334f77c6faf7b60ee4ab4960050a6b8706fb2aba7ef21d4",
  "pins" : [
    {
      "identity" : "swift-argument-parser",
      "kind" : "remoteSourceControl",
      "location" : "https://github.com/apple/swift-argument-parser",
      "state" : {
        "revision" : "626b5b7b2f45e1b0b1c6f4a309296d1d21d7311b",
        "version" : "1.7.1"
      }
    },
    {
      "identity" : "swiftterm",
      "kind" : "remoteSourceControl",
      "location" : "https://github.com/letsur-dev/SwiftTerm.git",
      "state" : {
        "branch" : "main",
        "revision" : "6c71f73a9883aa79541e3a5b244f63959abab332"
      }
    }
  ],
  "version" : 3
}
